<?xml version="1.0" encoding="utf-8"?>
<Project ToolsVersion="4.0" xmlns="http://schemas.microsoft.com/developer/msbuild/2003">
  <ItemGroup>
    <Filter Include="VisualGDB settings">
      <UniqueIdentifier>{34f607bc-d911-4c71-84f5-56cab8d8fec0}</UniqueIdentifier>
    </Filter>
    <Filter Include="Luminary">
      <UniqueIdentifier>{5437d45a-7790-43ec-9eb9-e75d6fdf8604}</UniqueIdentifier>
    </Filter>
    <Filter Include="Luminary\hardware">
      <UniqueIdentifier>{40defc3d-97a2-48fd-9b19-91652261106b}</UniqueIdentifier>
    </Filter>
    <Filter Include="Luminary\networking">
      <UniqueIdentifier>{8b687589-8d41-4331-aa36-52afe50b284c}</UniqueIdentifier>
    </Filter>
    <Filter Include="Luminary\system">
      <UniqueIdentifier>{6bda5ded-3a1f-4cff-9763-fcd5030f00a7}</UniqueIdentifier>
    </Filter>
    <Filter Include="Luminary\model">
      <UniqueIdentifier>{fb439b09-8e3b-43c1-ba89-cc506b1d40e9}</UniqueIdentifier>
    </Filter>
    <Filter Include="Luminary\logging">
      <UniqueIdentifier>{b81240a6-a37c-430a-88b8-5741c212091e}</UniqueIdentifier>
    </Filter>
    <Filter Include="Device-specific files">
      <UniqueIdentifier>{63550eb9-d3ea-40b1-998f-17cae96531e0}</UniqueIdentifier>
    </Filter>
    <Filter Include="Luminary\rpc">
      <UniqueIdentifier>{0f84c40a-4193-419d-9cdb-c1ab1f0f2c54}</UniqueIdentifier>
    </Filter>
    <Filter Include="config">
      <UniqueIdentifier>{2c1c95e5-fcb3-4d80-8158-e0bbf10247dc}</UniqueIdentifier>
    </Filter>
    <Filter Include="Device-specific files\Semihosting/Profiler">
      <UniqueIdentifier>{e05a9a33-3fd7-41a7-9d7b-938f002944ea}</UniqueIdentifier>
    </Filter>
  </ItemGroup>
  <ItemGroup>
    <None Include="LuminaryEmbeddedDriver-Debug.vgdbsettings">
      <Filter>VisualGDB settings</Filter>
    </None>
    <None Include="LuminaryEmbeddedDriver-Release.vgdbsettings">
      <Filter>VisualGDB settings</Filter>
    </None>
    <None Include="stm32.xml">
      <Filter>VisualGDB settings</Filter>
    </None>
    <ClCompile Include="..\..\..\Luminary\luminary_entry.cpp">
      <Filter>Luminary</Filter>
    </ClCompile>
    <ClCompile Include="..\..\..\Luminary\hardware\hwm_main.cpp">
      <Filter>Luminary\hardware</Filter>
    </ClCompile>
    <ClCompile Include="..\..\..\Luminary\networking\net_main.cpp">
      <Filter>Luminary\networking</Filter>
    </ClCompile>
    <ClCompile Include="..\..\..\Luminary\system\sys_main.cpp">
      <Filter>Luminary\system</Filter>
    </ClCompile>
    <ClInclude Include="$(EFP_BASE)\Profiler\SysprogsProfiler.h">
      <Filter>Device-specific files\Semihosting/Profiler</Filter>
    </ClInclude>
    <ClInclude Include="$(EFP_BASE)\Profiler\SmallNumberCoder.h">
      <Filter>Device-specific files\Semihosting/Profiler</Filter>
    </ClInclude>
    <ClInclude Include="$(EFP_BASE)\Profiler\SysprogsProfilerInterface.h">
      <Filter>Device-specific files\Semihosting/Profiler</Filter>
    </ClInclude>
    <ClInclude Include="$(EFP_BASE)\Profiler\ProfilerFreeRTOSHooks.h">
      <Filter>Device-specific files\Semihosting/Profiler</Filter>
    </ClInclude>
    <ClInclude Include="$(EFP_BASE)\Profiler\CustomRealTimeWatches.h">
      <Filter>Device-specific files\Semihosting/Profiler</Filter>
    </ClInclude>
    <ClInclude Include="$(EFP_BASE)\Profiler\DebuggerChecker.h">
      <Filter>Device-specific files\Semihosting/Profiler</Filter>
    </ClInclude>
    <ClCompile Include="$(EFP_BASE)\Profiler\FastSemihosting.cpp">
      <Filter>Device-specific files\Semihosting/Profiler</Filter>
    </ClCompile>
    <ClCompile Include="$(EFP_BASE)\Profiler\SamplingProfiler.cpp">
      <Filter>Device-specific files\Semihosting/Profiler</Filter>
    </ClCompile>
    <ClCompile Include="$(EFP_BASE)\Profiler\InstrumentingProfiler.cpp">
      <Filter>Device-specific files\Semihosting/Profiler</Filter>
    </ClCompile>
    <ClCompile Include="$(EFP_BASE)\Profiler\TestResourceManager.cpp">
      <Filter>Device-specific files\Semihosting/Profiler</Filter>
    </ClCompile>
    <ClCompile Include="$(EFP_BASE)\Profiler\ProfilerRTOS_FreeRTOS.c">
      <Filter>Device-specific files\Semihosting/Profiler</Filter>
    </ClCompile>
    <ClInclude Include="$(EFP_BASE)\Profiler\SysprogsProfiler.h">
      <Filter>Device-specific files\Semihosting/Profiler</Filter>
    </ClInclude>
    <ClInclude Include="$(EFP_BASE)\Profiler\SmallNumberCoder.h">
      <Filter>Device-specific files\Semihosting/Profiler</Filter>
    </ClInclude>
    <ClInclude Include="$(EFP_BASE)\Profiler\SysprogsProfilerInterface.h">
      <Filter>Device-specific files\Semihosting/Profiler</Filter>
    </ClInclude>
    <ClInclude Include="$(EFP_BASE)\Profiler\ProfilerFreeRTOSHooks.h">
      <Filter>Device-specific files\Semihosting/Profiler</Filter>
    </ClInclude>
    <ClInclude Include="$(EFP_BASE)\Profiler\CustomRealTimeWatches.h">
      <Filter>Device-specific files\Semihosting/Profiler</Filter>
    </ClInclude>
    <ClInclude Include="$(EFP_BASE)\Profiler\DebuggerChecker.h">
      <Filter>Device-specific files\Semihosting/Profiler</Filter>
    </ClInclude>
  </ItemGroup>
  <ItemGroup>
    <None Include="stm32.props">
      <Filter>VisualGDB settings</Filter>
    </None>
  </ItemGroup>
  <ItemGroup>
    <ClInclude Include="..\..\..\Luminary\hardware\hwm_main.hpp">
      <Filter>Luminary\hardware</Filter>
    </ClInclude>
    <ClInclude Include="..\..\..\Luminary\networking\net_main.hpp">
      <Filter>Luminary\networking</Filter>
    </ClInclude>
    <ClInclude Include="..\..\..\Luminary\system\sys_main.hpp">
      <Filter>Luminary\system</Filter>
    </ClInclude>
    <ClInclude Include="..\..\..\Luminary\model\mdl_common.hpp">
      <Filter>Luminary\model</Filter>
    </ClInclude>
    <ClInclude Include="..\..\..\Luminary\hardware\status_led.hpp">
      <Filter>Luminary\hardware</Filter>
    </ClInclude>
    <ClInclude Include="..\..\..\Luminary\hardware\power_select.hpp">
      <Filter>Luminary\hardware</Filter>
    </ClInclude>
    <ClInclude Include="..\..\..\Luminary\logging\log_main.hpp">
      <Filter>Luminary\logging</Filter>
    </ClInclude>
    <ClInclude Include="..\..\..\Luminary\model\mdl_observables.hpp">
      <Filter>Luminary\model</Filter>
    </ClInclude>
    <ClInclude Include="..\..\..\Luminary\rpc\rpc_main.hpp">
      <Filter>Luminary\rpc</Filter>
    </ClInclude>
    <ClInclude Include="..\..\..\Luminary\rpc\rpc_parser.hpp">
      <Filter>Luminary\rpc</Filter>
    </ClInclude>
    <ClInclude Include="..\..\..\Luminary\rpc\rpc_responder.hpp">
      <Filter>Luminary\rpc</Filter>
    </ClInclude>
    <ClInclude Include="..\..\..\Luminary\rpc\types.hpp">
      <Filter>Luminary\rpc</Filter>
    </ClInclude>
    <ClInclude Include="..\..\..\config\FreeRTOSConfig.h">
      <Filter>config</Filter>
    </ClInclude>
  </ItemGroup>
  <ItemGroup>
    <ClCompile Include="..\..\..\Luminary\model\mdl_common.cpp">
      <Filter>Luminary\model</Filter>
    </ClCompile>
    <ClCompile Include="..\..\..\Luminary\hardware\status_led.cpp">
      <Filter>Luminary\hardware</Filter>
    </ClCompile>
    <ClCompile Include="..\..\..\Luminary\hardware\power_select.cpp">
      <Filter>Luminary\hardware</Filter>
    </ClCompile>
    <ClCompile Include="..\..\..\Luminary\logging\log_main.cpp">
      <Filter>Luminary\logging</Filter>
    </ClCompile>
    <ClCompile Include="..\..\..\Luminary\model\mdl_observables.cpp">
      <Filter>Luminary\model</Filter>
    </ClCompile>
    <ClCompile Include="..\..\..\Luminary\rpc\rpc_main.cpp">
      <Filter>Luminary\rpc</Filter>
    </ClCompile>
    <ClCompile Include="..\..\..\Luminary\rpc\rcp_responder.cpp">
      <Filter>Luminary\rpc</Filter>
    </ClCompile>
    <ClCompile Include="..\..\..\Luminary\rpc\rpc_parser.cpp">
      <Filter>Luminary\rpc</Filter>
    </ClCompile>
  </ItemGroup>
</Project>